// !$*UTF8*$!
{
	archiveVersion = 1;
	classes = {
	};
	objectVersion = 46;
	objects = {

/* Begin PBXBuildFile section */
		CFDA6F651BA165C500501ACC /* japan.jpg in Resources */ = {isa = PBXBuildFile; fileRef = CFDA6F641BA165C500501ACC /* japan.jpg */; };
		CFDA6F671BA165CD00501ACC /* sport.jpg in Resources */ = {isa = PBXBuildFile; fileRef = CFDA6F661BA165CD00501ACC /* sport.jpg */; };
		CFDA6F691BA165D500501ACC /* world.jpg in Resources */ = {isa = PBXBuildFile; fileRef = CFDA6F681BA165D500501ACC /* world.jpg */; };
		CFEAC83E1BA00DA100C51B3A /* AppDelegate.swift in Sources */ = {isa = PBXBuildFile; fileRef = CFEAC83D1BA00DA100C51B3A /* AppDelegate.swift */; };
		CFEAC8401BA00DA100C51B3A /* ViewController.swift in Sources */ = {isa = PBXBuildFile; fileRef = CFEAC83F1BA00DA100C51B3A /* ViewController.swift */; };
		CFEAC8431BA00DA100C51B3A /* Main.storyboard in Resources */ = {isa = PBXBuildFile; fileRef = CFEAC8411BA00DA100C51B3A /* Main.storyboard */; };
		CFEAC8451BA00DA100C51B3A /* Images.xcassets in Resources */ = {isa = PBXBuildFile; fileRef = CFEAC8441BA00DA100C51B3A /* Images.xcassets */; };
		CFEAC8481BA00DA100C51B3A /* LaunchScreen.xib in Resources */ = {isa = PBXBuildFile; fileRef = CFEAC8461BA00DA100C51B3A /* LaunchScreen.xib */; };
		CFEAC8541BA00DA200C51B3A /* Swift_News2Tests.swift in Sources */ = {isa = PBXBuildFile; fileRef = CFEAC8531BA00DA200C51B3A /* Swift_News2Tests.swift */; };
		CFEAC85E1BA00DEC00C51B3A /* DetailController.swift in Sources */ = {isa = PBXBuildFile; fileRef = CFEAC85D1BA00DEC00C51B3A /* DetailController.swift */; };
		CFEAC8601BA031CF00C51B3A /* Social.framework in Frameworks */ = {isa = PBXBuildFile; fileRef = CFEAC85F1BA031CF00C51B3A /* Social.framework */; };
/* End PBXBuildFile section */

/* Begin PBXContainerItemProxy section */
		CFEAC84E1BA00DA200C51B3A /* PBXContainerItemProxy */ = {
			isa = PBXContainerItemProxy;
			containerPortal = CFEAC8301BA00DA100C51B3A /* Project object */;
			proxyType = 1;
			remoteGlobalIDString = CFEAC8371BA00DA100C51B3A;
			remoteInfo = "Swift News2";
		};
/* End PBXContainerItemProxy section */

/* Begin PBXFileReference section */
		CFDA6F641BA165C500501ACC /* japan.jpg */ = {isa = PBXFileReference; lastKnownFileType = image.jpeg; name = japan.jpg; path = ../../../../../Desktop/japan.jpg; sourceTree = "<group>"; };
		CFDA6F661BA165CD00501ACC /* sport.jpg */ = {isa = PBXFileReference; lastKnownFileType = image.jpeg; name = sport.jpg; path = ../../../../../Desktop/sport.jpg; sourceTree = "<group>"; };
		CFDA6F681BA165D500501ACC /* world.jpg */ = {isa = PBXFileReference; lastKnownFileType = image.jpeg; name = world.jpg; path = ../../../../../Desktop/world.jpg; sourceTree = "<group>"; };
		CFEAC8381BA00DA100C51B3A /* Swift News2.app */ = {isa = PBXFileReference; explicitFileType = wrapper.application; includeInIndex = 0; path = "Swift News2.app"; sourceTree = BUILT_PRODUCTS_DIR; };
		CFEAC83C1BA00DA100C51B3A /* Info.plist */ = {isa = PBXFileReference; lastKnownFileType = text.plist.xml; path = Info.plist; sourceTree = "<group>"; };
		CFEAC83D1BA00DA100C51B3A /* AppDelegate.swift */ = {isa = PBXFileReference; lastKnownFileType = sourcecode.swift; path = AppDelegate.swift; sourceTree = "<group>"; };
		CFEAC83F1BA00DA100C51B3A /* ViewController.swift */ = {isa = PBXFileReference; lastKnownFileType = sourcecode.swift; path = ViewController.swift; sourceTree = "<group>"; };
		CFEAC8421BA00DA100C51B3A /* Base */ = {isa = PBXFileReference; lastKnownFileType = file.storyboard; name = Base; path = Base.lproj/Main.storyboard; sourceTree = "<group>"; };
		CFEAC8441BA00DA100C51B3A /* Images.xcassets */ = {isa = PBXFileReference; lastKnownFileType = folder.assetcatalog; path = Images.xcassets; sourceTree = "<group>"; };
		CFEAC8471BA00DA100C51B3A /* Base */ = {isa = PBXFileReference; lastKnownFileType = file.xib; name = Base; path = Base.lproj/LaunchScreen.xib; sourceTree = "<group>"; };
		CFEAC84D1BA00DA200C51B3A /* Swift News2Tests.xctest */ = {isa = PBXFileReference; explicitFileType = wrapper.cfbundle; includeInIndex = 0; path = "Swift News2Tests.xctest"; sourceTree = BUILT_PRODUCTS_DIR; };
		CFEAC8521BA00DA200C51B3A /* Info.plist */ = {isa = PBXFileReference; lastKnownFileType = text.plist.xml; path = Info.plist; sourceTree = "<group>"; };
		CFEAC8531BA00DA200C51B3A /* Swift_News2Tests.swift */ = {isa = PBXFileReference; lastKnownFileType = sourcecode.swift; path = Swift_News2Tests.swift; sourceTree = "<group>"; };
		CFEAC85D1BA00DEC00C51B3A /* DetailController.swift */ = {isa = PBXFileReference; fileEncoding = 4; lastKnownFileType = sourcecode.swift; path = DetailController.swift; sourceTree = "<group>"; };
		CFEAC85F1BA031CF00C51B3A /* Social.framework */ = {isa = PBXFileReference; lastKnownFileType = wrapper.framework; name = Social.framework; path = System/Library/Frameworks/Social.framework; sourceTree = SDKROOT; };
/* End PBXFileReference section */

/* Begin PBXFrameworksBuildPhase section */
		CFEAC8351BA00DA100C51B3A /* Frameworks */ = {
			isa = PBXFrameworksBuildPhase;
			buildActionMask = 2147483647;
			files = (
				CFEAC8601BA031CF00C51B3A /* Social.framework in Frameworks */,
			);
			runOnlyForDeploymentPostprocessing = 0;
		};
		CFEAC84A1BA00DA200C51B3A /* Frameworks */ = {
			isa = PBXFrameworksBuildPhase;
			buildActionMask = 2147483647;
			files = (
			);
			runOnlyForDeploymentPostprocessing = 0;
		};
/* End PBXFrameworksBuildPhase section */

/* Begin PBXGroup section */
		CFEAC82F1BA00DA100C51B3A = {
			isa = PBXGroup;
			children = (
				CFEAC85F1BA031CF00C51B3A /* Social.framework */,
				CFEAC83A1BA00DA100C51B3A /* Swift News */,
				CFEAC8501BA00DA200C51B3A /* Swift News2Tests */,
				CFEAC8391BA00DA100C51B3A /* Products */,
			);
			sourceTree = "<group>";
		};
		CFEAC8391BA00DA100C51B3A /* Products */ = {
			isa = PBXGroup;
			children = (
				CFEAC8381BA00DA100C51B3A /* Swift News2.app */,
				CFEAC84D1BA00DA200C51B3A /* Swift News2Tests.xctest */,
			);
			name = Products;
			sourceTree = "<group>";
		};
		CFEAC83A1BA00DA100C51B3A /* Swift News */ = {
			isa = PBXGroup;
			children = (
				CFEAC83D1BA00DA100C51B3A /* AppDelegate.swift */,
				CFEAC83F1BA00DA100C51B3A /* ViewController.swift */,
				CFEAC85D1BA00DEC00C51B3A /* DetailController.swift */,
				CFEAC8411BA00DA100C51B3A /* Main.storyboard */,
				CFEAC8441BA00DA100C51B3A /* Images.xcassets */,
				CFDA6F641BA165C500501ACC /* japan.jpg */,
				CFDA6F661BA165CD00501ACC /* sport.jpg */,
				CFDA6F681BA165D500501ACC /* world.jpg */,
				CFEAC8461BA00DA100C51B3A /* LaunchScreen.xib */,
				CFEAC83B1BA00DA100C51B3A /* Supporting Files */,
			);
			name = "Swift News";
			path = "Swift News2";
			sourceTree = "<group>";
		};
		CFEAC83B1BA00DA100C51B3A /* Supporting Files */ = {
			isa = PBXGroup;
			children = (
				CFEAC83C1BA00DA100C51B3A /* Info.plist */,
			);
			name = "Supporting Files";
			sourceTree = "<group>";
		};
		CFEAC8501BA00DA200C51B3A /* Swift News2Tests */ = {
			isa = PBXGroup;
			children = (
				CFEAC8531BA00DA200C51B3A /* Swift_News2Tests.swift */,
				CFEAC8511BA00DA200C51B3A /* Supporting Files */,
			);
			path = "Swift News2Tests";
			sourceTree = "<group>";
		};
		CFEAC8511BA00DA200C51B3A /* Supporting Files */ = {
			isa = PBXGroup;
			children = (
				CFEAC8521BA00DA200C51B3A /* Info.plist */,
			);
			name = "Supporting Files";
			sourceTree = "<group>";
		};
/* End PBXGroup section */

/* Begin PBXNativeTarget section */
		CFEAC8371BA00DA100C51B3A /* Swift News2 */ = {
			isa = PBXNativeTarget;
			buildConfigurationList = CFEAC8571BA00DA200C51B3A /* Build configuration list for PBXNativeTarget "Swift News2" */;
			buildPhases = (
				CFEAC8341BA00DA100C51B3A /* Sources */,
				CFEAC8351BA00DA100C51B3A /* Frameworks */,
				CFEAC8361BA00DA100C51B3A /* Resources */,
			);
			buildRules = (
			);
			dependencies = (
			);
			name = "Swift News2";
			productName = "Swift News2";
			productReference = CFEAC8381BA00DA100C51B3A /* Swift News2.app */;
			productType = "com.apple.product-type.application";
		};
		CFEAC84C1BA00DA200C51B3A /* Swift News2Tests */ = {
			isa = PBXNativeTarget;
			buildConfigurationList = CFEAC85A1BA00DA200C51B3A /* Build configuration list for PBXNativeTarget "Swift News2Tests" */;
			buildPhases = (
				CFEAC8491BA00DA200C51B3A /* Sources */,
				CFEAC84A1BA00DA200C51B3A /* Frameworks */,
				CFEAC84B1BA00DA200C51B3A /* Resources */,
			);
			buildRules = (
			);
			dependencies = (
				CFEAC84F1BA00DA200C51B3A /* PBXTargetDependency */,
			);
			name = "Swift News2Tests";
			productName = "Swift News2Tests";
			productReference = CFEAC84D1BA00DA200C51B3A /* Swift News2Tests.xctest */;
			productType = "com.apple.product-type.bundle.unit-test";
		};
/* End PBXNativeTarget section */

/* Begin PBXProject section */
		CFEAC8301BA00DA100C51B3A /* Project object */ = {
			isa = PBXProject;
			attributes = {
				LastUpgradeCheck = 0640;
				ORGANIZATIONNAME = "Seita Morooka";
				TargetAttributes = {
					CFEAC8371BA00DA100C51B3A = {
						CreatedOnToolsVersion = 6.4;
					};
					CFEAC84C1BA00DA200C51B3A = {
						CreatedOnToolsVersion = 6.4;
						TestTargetID = CFEAC8371BA00DA100C51B3A;
					};
				};
			};
			buildConfigurationList = CFEAC8331BA00DA100C51B3A /* Build configuration list for PBXProject "Swift News2" */;
			compatibilityVersion = "Xcode 3.2";
			developmentRegion = English;
			hasScannedForEncodings = 0;
			knownRegions = (
				en,
				Base,
			);
			mainGroup = CFEAC82F1BA00DA100C51B3A;
			productRefGroup = CFEAC8391BA00DA100C51B3A /* Products */;
			projectDirPath = "";
			projectRoot = "";
			targets = (
				CFEAC8371BA00DA100C51B3A /* Swift News2 */,
				CFEAC84C1BA00DA200C51B3A /* Swift News2Tests */,
			);
		};
/* End PBXProject section */

/* Begin PBXResourcesBuildPhase section */
		CFEAC8361BA00DA100C51B3A /* Resources */ = {
			isa = PBXResourcesBuildPhase;
			buildActionMask = 2147483647;
			files = (
				CFDA6F671BA165CD00501ACC /* sport.jpg in Resources */,
				CFEAC8431BA00DA100C51B3A /* Main.storyboard in Resources */,
				CFEAC8481BA00DA100C51B3A /* LaunchScreen.xib in Resources */,
				CFDA6F651BA165C500501ACC /* japan.jpg in Resources */,
				CFDA6F691BA165D500501ACC /* world.jpg in Resources */,
				CFEAC8451BA00DA100C51B3A /* Images.xcassets in Resources */,
			);
			runOnlyForDeploymentPostprocessing = 0;
		};
		CFEAC84B1BA00DA200C51B3A /* Resources */ = {
			isa = PBXResourcesBuildPhase;
			buildActionMask = 2147483647;
			files = (
			);
			runOnlyForDeploymentPostprocessing = 0;
		};
/* End PBXResourcesBuildPhase section */

/* Begin PBXSourcesBuildPhase section */
		CFEAC8341BA00DA100C51B3A /* Sources */ = {
			isa = PBXSourcesBuildPhase;
			buildActionMask = 2147483647;
			files = (
				CFEAC8401BA00DA100C51B3A /* ViewController.swift in Sources */,
				CFEAC85E1BA00DEC00C51B3A /* DetailController.swift in Sources */,
				CFEAC83E1BA00DA100C51B3A /* AppDelegate.swift in Sources */,
			);
			runOnlyForDeploymentPostprocessing = 0;
		};
		CFEAC8491BA00DA200C51B3A /* Sources */ = {
			isa = PBXSourcesBuildPhase;
			buildActionMask = 2147483647;
			files = (
				CFEAC8541BA00DA200C51B3A /* Swift_News2Tests.swift in Sources */,
			);
			runOnlyForDeploymentPostprocessing = 0;
		};
/* End PBXSourcesBuildPhase section */

/* Begin PBXTargetDependency section */
		CFEAC84F1BA00DA200C51B3A /* PBXTargetDependency */ = {
			isa = PBXTargetDependency;
			target = CFEAC8371BA00DA100C51B3A /* Swift News2 */;
			targetProxy = CFEAC84E1BA00DA200C51B3A /* PBXContainerItemProxy */;
		};
/* End PBXTargetDependency section */

/* Begin PBXVariantGroup section */
		CFEAC8411BA00DA100C51B3A /* Main.storyboard */ = {
			isa = PBXVariantGroup;
			children = (
				CFEAC8421BA00DA100C51B3A /* Base */,
			);
			name = Main.storyboard;
			sourceTree = "<group>";
		};
		CFEAC8461BA00DA100C51B3A /* LaunchScreen.xib */ = {
			isa = PBXVariantGroup;
			children = (
				CFEAC8471BA00DA100C51B3A /* Base */,
			);
			name = LaunchScreen.xib;
			sourceTree = "<group>";
		};
/* End PBXVariantGroup section */

/* Begin XCBuildConfiguration section */
		CFEAC8551BA00DA200C51B3A /* Debug */ = {
			isa = XCBuildConfiguration;
			buildSettings = {
				ALWAYS_SEARCH_USER_PATHS = NO;
				CLANG_CXX_LANGUAGE_STANDARD = "gnu++0x";
				CLANG_CXX_LIBRARY = "libc++";
				CLANG_ENABLE_MODULES = YES;
				CLANG_ENABLE_OBJC_ARC = YES;
				CLANG_WARN_BOOL_CONVERSION = YES;
				CLANG_WARN_CONSTANT_CONVERSION = YES;
				CLANG_WARN_DIRECT_OBJC_ISA_USAGE = YES_ERROR;
				CLANG_WARN_EMPTY_BODY = YES;
				CLANG_WARN_ENUM_CONVERSION = YES;
				CLANG_WARN_INT_CONVERSION = YES;
				CLANG_WARN_OBJC_ROOT_CLASS = YES_ERROR;
				CLANG_WARN_UNREACHABLE_CODE = YES;
				CLANG_WARN__DUPLICATE_METHOD_MATCH = YES;
				"CODE_SIGN_IDENTITY[sdk=iphoneos*]" = "iPhone Developer";
				COPY_PHASE_STRIP = NO;
				DEBUG_INFORMATION_FORMAT = "dwarf-with-dsym";
				ENABLE_STRICT_OBJC_MSGSEND = YES;
				GCC_C_LANGUAGE_STANDARD = gnu99;
				GCC_DYNAMIC_NO_PIC = NO;
				GCC_NO_COMMON_BLOCKS = YES;
				GCC_OPTIMIZATION_LEVEL = 0;
				GCC_PREPROCESSOR_DEFINITIONS = (
					"DEBUG=1",
					"$(inherited)",
				);
				GCC_SYMBOLS_PRIVATE_EXTERN = NO;
				GCC_WARN_64_TO_32_BIT_CONVERSION = YES;
				GCC_WARN_ABOUT_RETURN_TYPE = YES_ERROR;
				GCC_WARN_UNDECLARED_SELECTOR = YES;
				GCC_WARN_UNINITIALIZED_AUTOS = YES_AGGRESSIVE;
				GCC_WARN_UNUSED_FUNCTION = YES;
				GCC_WARN_UNUSED_VARIABLE = YES;
				IPHONEOS_DEPLOYMENT_TARGET = 8.4;
				MTL_ENABLE_DEBUG_INFO = YES;
				ONLY_ACTIVE_ARCH = YES;
				SDKROOT = iphoneos;
				SWIFT_OPTIMIZATION_LEVEL = "-Onone";
				TARGETED_DEVICE_FAMILY = "1,2";
			};
			name = Debug;
		};
		CFEAC8561BA00DA200C51B3A /* Release */ = {
			isa = XCBuildConfiguration;
			buildSettings = {
				ALWAYS_SEARCH_USER_PATHS = NO;
				CLANG_CXX_LANGUAGE_STANDARD = "gnu++0x";
				CLANG_CXX_LIBRARY = "libc++";
				CLANG_ENABLE_MODULES = YES;
				CLANG_ENABLE_OBJC_ARC = YES;
				CLANG_WARN_BOOL_CONVERSION = YES;
				CLANG_WARN_CONSTANT_CONVERSION = YES;
				CLANG_WARN_DIRECT_OBJC_ISA_USAGE = YES_ERROR;
				CLANG_WARN_EMPTY_BODY = YES;
				CLANG_WARN_ENUM_CONVERSION = YES;
				CLANG_WARN_INT_CONVERSION = YES;
				CLANG_WARN_OBJC_ROOT_CLASS = YES_ERROR;
				CLANG_WARN_UNREACHABLE_CODE = YES;
				CLANG_WARN__DUPLICATE_METHOD_MATCH = YES;
				"CODE_SIGN_IDENTITY[sdk=iphoneos*]" = "iPhone Developer";
				COPY_PHASE_STRIP = NO;
				DEBUG_INFORMATION_FORMAT = "dwarf-with-dsym";
				ENABLE_NS_ASSERTIONS = NO;
				ENABLE_STRICT_OBJC_MSGSEND = YES;
				GCC_C_LANGUAGE_STANDARD = gnu99;
				GCC_NO_COMMON_BLOCKS = YES;
				GCC_WARN_64_TO_32_BIT_CONVERSION = YES;
				GCC_WARN_ABOUT_RETURN_TYPE = YES_ERROR;
				GCC_WARN_UNDECLARED_SELECTOR = YES;
				GCC_WARN_UNINITIALIZED_AUTOS = YES_AGGRESSIVE;
				GCC_WARN_UNUSED_FUNCTION = YES;
				GCC_WARN_UNUSED_VARIABLE = YES;
				IPHONEOS_DEPLOYMENT_TARGET = 8.4;
				MTL_ENABLE_DEBUG_INFO = NO;
				SDKROOT = iphoneos;
				TARGETED_DEVICE_FAMILY = "1,2";
				VALIDATE_PRODUCT = YES;
			};
			name = Release;
		};
		CFEAC8581BA00DA200C51B3A /* Debug */ = {
			isa = XCBuildConfiguration;
			buildSettings = {
				ASSETCATALOG_COMPILER_APPICON_NAME = AppIcon;
				INFOPLIST_FILE = "Swift News2/Info.plist";
				LD_RUNPATH_SEARCH_PATHS = "$(inherited) @executable_path/Frameworks";
				PRODUCT_NAME = "$(TARGET_NAME)";
			};
			name = Debug;
		};
		CFEAC8591BA00DA200C51B3A /* Release */ = {
			isa = XCBuildConfiguration;
			buildSettings = {
				ASSETCATALOG_COMPILER_APPICON_NAME = AppIcon;
				INFOPLIST_FILE = "Swift News2/Info.plist";
				LD_RUNPATH_SEARCH_PATHS = "$(inherited) @executable_path/Frameworks";
				PRODUCT_NAME = "$(TARGET_NAME)";
			};
			name = Release;
		};
		CFEAC85B1BA00DA200C51B3A /* Debug */ = {
			isa = XCBuildConfiguration;
			buildSettings = {
				BUNDLE_LOADER = "$(TEST_HOST)";
				FRAMEWORK_SEARCH_PATHS = (
					"$(SDKROOT)/Developer/Library/Frameworks",
					"$(inherited)",
				);
				GCC_PREPROCESSOR_DEFINITIONS = (
					"DEBUG=1",
					"$(inherited)",
				);
				INFOPLIST_FILE = "Swift News2Tests/Info.plist";
				LD_RUNPATH_SEARCH_PATHS = "$(inherited) @executable_path/Frameworks @loader_path/Frameworks";
				PRODUCT_NAME = "$(TARGET_NAME)";
				TEST_HOST = "$(BUILT_PRODUCTS_DIR)/Swift News2.app/Swift News2";
			};
			name = Debug;
		};
		CFEAC85C1BA00DA200C51B3A /* Release */ = {
			isa = XCBuildConfiguration;
			buildSettings = {
				BUNDLE_LOADER = "$(TEST_HOST)";
				FRAMEWORK_SEARCH_PATHS = (
					"$(SDKROOT)/Developer/Library/Frameworks",
					"$(inherited)",
				);
				INFOPLIST_FILE = "Swift News2Tests/Info.plist";
				LD_RUNPATH_SEARCH_PATHS = "$(inherited) @executable_path/Frameworks @loader_path/Frameworks";
				PRODUCT_NAME = "$(TARGET_NAME)";
				TEST_HOST = "$(BUILT_PRODUCTS_DIR)/Swift News2.app/Swift News2";
			};
			name = Release;
		};
/* End XCBuildConfiguration section */

/* Begin XCConfigurationList section */
		CFEAC8331BA00DA100C51B3A /* Build configuration list for PBXProject "Swift News2" */ = {
			isa = XCConfigurationList;
			buildConfigurations = (
				CFEAC8551BA00DA200C51B3A /* Debug */,
				CFEAC8561BA00DA200C51B3A /* Release */,
			);
			defaultConfigurationIsVisible = 0;
			defaultConfigurationName = Release;
		};
		CFEAC8571BA00DA200C51B3A /* Build configuration list for PBXNativeTarget "Swift News2" */ = {
			isa = XCConfigurationList;
			buildConfigurations = (
				CFEAC8581BA00DA200C51B3A /* Debug */,
				CFEAC8591BA00DA200C51B3A /* Release */,
			);
			defaultConfigurationIsVisible = 0;
			defaultConfigurationName = Release;
		};
		CFEAC85A1BA00DA200C51B3A /* Build configuration list for PBXNativeTarget "Swift News2Tests" */ = {
			isa = XCConfigurationList;
			buildConfigurations = (
				CFEAC85B1BA00DA200C51B3A /* Debug */,
				CFEAC85C1BA00DA200C51B3A /* Release */,
			);
			defaultConfigurationIsVisible = 0;
			defaultConfigurationName = Release;
		};
/* End XCConfigurationList section */
	};
	rootObject = CFEAC8301BA00DA100C51B3A /* Project object */;
}
